
Microsoft Visual Studio Solution File, Format Version 12.00
Project("{FAE04EC0-301F-11D3-BF4B-00C04F79EFBC}") = "BackendChallenge", "BackendChallenge\BackendChallenge.csproj", "{3865F9D5-BED9-4FDB-BE32-DB1F83F61008}"
EndProject
Global
	GlobalSection(SolutionConfigurationPlatforms) = preSolution
		Debug|Any CPU = Debug|Any CPU
		Release|Any CPU = Release|Any CPU
	EndGlobalSection
	GlobalSection(ProjectConfigurationPlatforms) = postSolution
		{3865F9D5-BED9-4FDB-BE32-DB1F83F61008}.Debug|Any CPU.ActiveCfg = Debug|Any CPU
		{3865F9D5-BED9-4FDB-BE32-DB1F83F61008}.Debug|Any CPU.Build.0 = Debug|Any CPU
		{3865F9D5-BED9-4FDB-BE32-DB1F83F61008}.Release|Any CPU.ActiveCfg = Release|Any CPU
		{3865F9D5-BED9-4FDB-BE32-DB1F83F61008}.Release|Any CPU.Build.0 = Release|Any CPU
	EndGlobalSection
EndGlobal
